// !$*UTF8*$!
{
	archiveVersion = 1;
	classes = {
	};
	objectVersion = 50;
	objects = {

/* Begin PBXBuildFile section */
		9124FC9121B8052D00844300 /* Playground.framework in Frameworks */ = {isa = PBXBuildFile; fileRef = 9124FC8F21B8051F00844300 /* Playground.framework */; };
		9124FC9221B8052D00844300 /* Playground.framework in Embed Frameworks */ = {isa = PBXBuildFile; fileRef = 9124FC8F21B8051F00844300 /* Playground.framework */; settings = {ATTRIBUTES = (CodeSignOnCopy, RemoveHeadersOnCopy, ); }; };
		912A14E521B0A93300422DE4 /* UINavigationController+Presenter.swift in Sources */ = {isa = PBXBuildFile; fileRef = 912A14E421B0A93300422DE4 /* UINavigationController+Presenter.swift */; };
		912A14F521B0ACD200422DE4 /* UINavigationControllerPresenterTests.swift in Sources */ = {isa = PBXBuildFile; fileRef = 912A14F421B0ACD200422DE4 /* UINavigationControllerPresenterTests.swift */; };
		91533D7B21B09C4000CE722A /* CommonUI.framework in Frameworks */ = {isa = PBXBuildFile; fileRef = 91533D7921B09C3C00CE722A /* CommonUI.framework */; };
		91533D7C21B09C4000CE722A /* CommonUI.framework in Embed Frameworks */ = {isa = PBXBuildFile; fileRef = 91533D7921B09C3C00CE722A /* CommonUI.framework */; settings = {ATTRIBUTES = (CodeSignOnCopy, RemoveHeadersOnCopy, ); }; };
		9176866721BB1D4500DE897B /* Common.framework in Frameworks */ = {isa = PBXBuildFile; fileRef = 9176866221BB1D2A00DE897B /* Common.framework */; };
		9176866821BB1D4500DE897B /* Common.framework in Embed Frameworks */ = {isa = PBXBuildFile; fileRef = 9176866221BB1D2A00DE897B /* Common.framework */; settings = {ATTRIBUTES = (CodeSignOnCopy, RemoveHeadersOnCopy, ); }; };
		917AAB3821B0AFED004C392F /* AppCoordinator.swift in Sources */ = {isa = PBXBuildFile; fileRef = 917AAB3721B0AFED004C392F /* AppCoordinator.swift */; };
		918E081F21B03AC100FB90D7 /* AppDelegate.swift in Sources */ = {isa = PBXBuildFile; fileRef = 918E081E21B03AC100FB90D7 /* AppDelegate.swift */; };
		918E082621B03AC100FB90D7 /* Assets.xcassets in Resources */ = {isa = PBXBuildFile; fileRef = 918E082521B03AC100FB90D7 /* Assets.xcassets */; };
		918E082921B03AC100FB90D7 /* LaunchScreen.storyboard in Resources */ = {isa = PBXBuildFile; fileRef = 918E082721B03AC100FB90D7 /* LaunchScreen.storyboard */; };
		91A460AC21B3270F00799C52 /* PlaygroundBrowserUI.framework in Frameworks */ = {isa = PBXBuildFile; fileRef = 91A460AA21B3270800799C52 /* PlaygroundBrowserUI.framework */; };
		91A460AD21B3270F00799C52 /* PlaygroundBrowserUI.framework in Embed Frameworks */ = {isa = PBXBuildFile; fileRef = 91A460AA21B3270800799C52 /* PlaygroundBrowserUI.framework */; settings = {ATTRIBUTES = (CodeSignOnCopy, RemoveHeadersOnCopy, ); }; };
		91AC77EB21B09325007F753A /* AppDelegateTests.swift in Sources */ = {isa = PBXBuildFile; fileRef = 91AC77EA21B09325007F753A /* AppDelegateTests.swift */; };
		91AC77F321B09478007F753A /* main.swift in Sources */ = {isa = PBXBuildFile; fileRef = 91AC77F221B09478007F753A /* main.swift */; };
/* End PBXBuildFile section */

/* Begin PBXContainerItemProxy section */
		91AC77ED21B09325007F753A /* PBXContainerItemProxy */ = {
			isa = PBXContainerItemProxy;
			containerPortal = 918E081321B03AC100FB90D7 /* Project object */;
			proxyType = 1;
			remoteGlobalIDString = 918E081A21B03AC100FB90D7;
			remoteInfo = App;
		};
/* End PBXContainerItemProxy section */

/* Begin PBXCopyFilesBuildPhase section */
		91533D7721B09C3400CE722A /* Embed Frameworks */ = {
			isa = PBXCopyFilesBuildPhase;
			buildActionMask = 2147483647;
			dstPath = "";
			dstSubfolderSpec = 10;
			files = (
				91A460AD21B3270F00799C52 /* PlaygroundBrowserUI.framework in Embed Frameworks */,
				9176866821BB1D4500DE897B /* Common.framework in Embed Frameworks */,
				9124FC9221B8052D00844300 /* Playground.framework in Embed Frameworks */,
				91533D7C21B09C4000CE722A /* CommonUI.framework in Embed Frameworks */,
			);
			name = "Embed Frameworks";
			runOnlyForDeploymentPostprocessing = 0;
		};
/* End PBXCopyFilesBuildPhase section */

/* Begin PBXFileReference section */
		9124FC8F21B8051F00844300 /* Playground.framework */ = {isa = PBXFileReference; explicitFileType = wrapper.framework; path = Playground.framework; sourceTree = BUILT_PRODUCTS_DIR; };
		912A14E421B0A93300422DE4 /* UINavigationController+Presenter.swift */ = {isa = PBXFileReference; lastKnownFileType = sourcecode.swift; path = "UINavigationController+Presenter.swift"; sourceTree = "<group>"; };
		912A14F421B0ACD200422DE4 /* UINavigationControllerPresenterTests.swift */ = {isa = PBXFileReference; lastKnownFileType = sourcecode.swift; path = UINavigationControllerPresenterTests.swift; sourceTree = "<group>"; };
		91533D7921B09C3C00CE722A /* CommonUI.framework */ = {isa = PBXFileReference; explicitFileType = wrapper.framework; path = CommonUI.framework; sourceTree = BUILT_PRODUCTS_DIR; };
		9176866221BB1D2A00DE897B /* Common.framework */ = {isa = PBXFileReference; explicitFileType = wrapper.framework; path = Common.framework; sourceTree = BUILT_PRODUCTS_DIR; };
		917AAB3721B0AFED004C392F /* AppCoordinator.swift */ = {isa = PBXFileReference; lastKnownFileType = sourcecode.swift; path = AppCoordinator.swift; sourceTree = "<group>"; };
		918E081B21B03AC100FB90D7 /* App.app */ = {isa = PBXFileReference; explicitFileType = wrapper.application; includeInIndex = 0; path = App.app; sourceTree = BUILT_PRODUCTS_DIR; };
		918E081E21B03AC100FB90D7 /* AppDelegate.swift */ = {isa = PBXFileReference; lastKnownFileType = sourcecode.swift; path = AppDelegate.swift; sourceTree = "<group>"; };
		918E082521B03AC100FB90D7 /* Assets.xcassets */ = {isa = PBXFileReference; lastKnownFileType = folder.assetcatalog; path = Assets.xcassets; sourceTree = "<group>"; };
		918E082821B03AC100FB90D7 /* Base */ = {isa = PBXFileReference; lastKnownFileType = file.storyboard; name = Base; path = Base.lproj/LaunchScreen.storyboard; sourceTree = "<group>"; };
		918E082A21B03AC100FB90D7 /* Info.plist */ = {isa = PBXFileReference; lastKnownFileType = text.plist.xml; path = Info.plist; sourceTree = "<group>"; };
		91A460AA21B3270800799C52 /* PlaygroundBrowserUI.framework */ = {isa = PBXFileReference; explicitFileType = wrapper.framework; path = PlaygroundBrowserUI.framework; sourceTree = BUILT_PRODUCTS_DIR; };
		91AC77E821B09325007F753A /* AppTests.xctest */ = {isa = PBXFileReference; explicitFileType = wrapper.cfbundle; includeInIndex = 0; path = AppTests.xctest; sourceTree = BUILT_PRODUCTS_DIR; };
		91AC77EA21B09325007F753A /* AppDelegateTests.swift */ = {isa = PBXFileReference; lastKnownFileType = sourcecode.swift; path = AppDelegateTests.swift; sourceTree = "<group>"; };
		91AC77EC21B09325007F753A /* Info.plist */ = {isa = PBXFileReference; lastKnownFileType = text.plist.xml; path = Info.plist; sourceTree = "<group>"; };
		91AC77F221B09478007F753A /* main.swift */ = {isa = PBXFileReference; lastKnownFileType = sourcecode.swift; path = main.swift; sourceTree = "<group>"; };
/* End PBXFileReference section */

/* Begin PBXFrameworksBuildPhase section */
		918E081821B03AC100FB90D7 /* Frameworks */ = {
			isa = PBXFrameworksBuildPhase;
			buildActionMask = 2147483647;
			files = (
				9124FC9121B8052D00844300 /* Playground.framework in Frameworks */,
				9176866721BB1D4500DE897B /* Common.framework in Frameworks */,
				91A460AC21B3270F00799C52 /* PlaygroundBrowserUI.framework in Frameworks */,
				91533D7B21B09C4000CE722A /* CommonUI.framework in Frameworks */,
			);
			runOnlyForDeploymentPostprocessing = 0;
		};
		91AC77E521B09325007F753A /* Frameworks */ = {
			isa = PBXFrameworksBuildPhase;
			buildActionMask = 2147483647;
			files = (
			);
			runOnlyForDeploymentPostprocessing = 0;
		};
/* End PBXFrameworksBuildPhase section */

/* Begin PBXGroup section */
		912A14E321B0A91900422DE4 /* Extensions */ = {
			isa = PBXGroup;
			children = (
				912A14E421B0A93300422DE4 /* UINavigationController+Presenter.swift */,
			);
			path = Extensions;
			sourceTree = "<group>";
		};
		912A14F321B0ACBD00422DE4 /* Extensions */ = {
			isa = PBXGroup;
			children = (
				912A14F421B0ACD200422DE4 /* UINavigationControllerPresenterTests.swift */,
			);
			path = Extensions;
			sourceTree = "<group>";
		};
		91533D7821B09C3C00CE722A /* Frameworks */ = {
			isa = PBXGroup;
			children = (
				9176866221BB1D2A00DE897B /* Common.framework */,
				9124FC8F21B8051F00844300 /* Playground.framework */,
				91A460AA21B3270800799C52 /* PlaygroundBrowserUI.framework */,
				91533D7921B09C3C00CE722A /* CommonUI.framework */,
			);
			name = Frameworks;
			sourceTree = "<group>";
		};
		917AAB3621B0AFDA004C392F /* Coordinators */ = {
			isa = PBXGroup;
			children = (
				917AAB3721B0AFED004C392F /* AppCoordinator.swift */,
			);
			path = Coordinators;
			sourceTree = "<group>";
		};
		918E081221B03AC100FB90D7 = {
			isa = PBXGroup;
			children = (
				918E081D21B03AC100FB90D7 /* App */,
				91AC77E921B09325007F753A /* AppTests */,
				918E081C21B03AC100FB90D7 /* Products */,
				91533D7821B09C3C00CE722A /* Frameworks */,
			);
			sourceTree = "<group>";
		};
		918E081C21B03AC100FB90D7 /* Products */ = {
			isa = PBXGroup;
			children = (
				918E081B21B03AC100FB90D7 /* App.app */,
				91AC77E821B09325007F753A /* AppTests.xctest */,
			);
			name = Products;
			sourceTree = "<group>";
		};
		918E081D21B03AC100FB90D7 /* App */ = {
			isa = PBXGroup;
			children = (
				91AC77F221B09478007F753A /* main.swift */,
				918E081E21B03AC100FB90D7 /* AppDelegate.swift */,
				918E082521B03AC100FB90D7 /* Assets.xcassets */,
				918E082721B03AC100FB90D7 /* LaunchScreen.storyboard */,
				918E082A21B03AC100FB90D7 /* Info.plist */,
				917AAB3621B0AFDA004C392F /* Coordinators */,
				912A14E321B0A91900422DE4 /* Extensions */,
			);
			path = App;
			sourceTree = "<group>";
		};
		91AC77E921B09325007F753A /* AppTests */ = {
			isa = PBXGroup;
			children = (
				91AC77EA21B09325007F753A /* AppDelegateTests.swift */,
				91AC77EC21B09325007F753A /* Info.plist */,
				912A14F321B0ACBD00422DE4 /* Extensions */,
			);
			path = AppTests;
			sourceTree = "<group>";
		};
/* End PBXGroup section */

/* Begin PBXNativeTarget section */
		918E081A21B03AC100FB90D7 /* App */ = {
			isa = PBXNativeTarget;
			buildConfigurationList = 918E082D21B03AC100FB90D7 /* Build configuration list for PBXNativeTarget "App" */;
			buildPhases = (
				918E081721B03AC100FB90D7 /* Sources */,
				918E081821B03AC100FB90D7 /* Frameworks */,
				918E081921B03AC100FB90D7 /* Resources */,
				91533D7721B09C3400CE722A /* Embed Frameworks */,
			);
			buildRules = (
			);
			dependencies = (
			);
			name = App;
			productName = App;
			productReference = 918E081B21B03AC100FB90D7 /* App.app */;
			productType = "com.apple.product-type.application";
		};
		91AC77E721B09325007F753A /* AppTests */ = {
			isa = PBXNativeTarget;
			buildConfigurationList = 91AC77F121B09325007F753A /* Build configuration list for PBXNativeTarget "AppTests" */;
			buildPhases = (
				91AC77E421B09325007F753A /* Sources */,
				91AC77E521B09325007F753A /* Frameworks */,
				91AC77E621B09325007F753A /* Resources */,
			);
			buildRules = (
			);
			dependencies = (
				91AC77EE21B09325007F753A /* PBXTargetDependency */,
			);
			name = AppTests;
			productName = AppTests;
			productReference = 91AC77E821B09325007F753A /* AppTests.xctest */;
			productType = "com.apple.product-type.bundle.unit-test";
		};
/* End PBXNativeTarget section */

/* Begin PBXProject section */
		918E081321B03AC100FB90D7 /* Project object */ = {
			isa = PBXProject;
			attributes = {
				LastSwiftUpdateCheck = 1010;
				LastUpgradeCheck = 1010;
				ORGANIZATIONNAME = Ocelot;
				TargetAttributes = {
					918E081A21B03AC100FB90D7 = {
						CreatedOnToolsVersion = 10.1;
					};
					91AC77E721B09325007F753A = {
						CreatedOnToolsVersion = 10.1;
						TestTargetID = 918E081A21B03AC100FB90D7;
					};
				};
			};
			buildConfigurationList = 918E081621B03AC100FB90D7 /* Build configuration list for PBXProject "App" */;
			compatibilityVersion = "Xcode 9.3";
			developmentRegion = en;
			hasScannedForEncodings = 0;
			knownRegions = (
				en,
				Base,
			);
			mainGroup = 918E081221B03AC100FB90D7;
			productRefGroup = 918E081C21B03AC100FB90D7 /* Products */;
			projectDirPath = "";
			projectRoot = "";
			targets = (
				918E081A21B03AC100FB90D7 /* App */,
				91AC77E721B09325007F753A /* AppTests */,
			);
		};
/* End PBXProject section */

/* Begin PBXResourcesBuildPhase section */
		918E081921B03AC100FB90D7 /* Resources */ = {
			isa = PBXResourcesBuildPhase;
			buildActionMask = 2147483647;
			files = (
				918E082921B03AC100FB90D7 /* LaunchScreen.storyboard in Resources */,
				918E082621B03AC100FB90D7 /* Assets.xcassets in Resources */,
			);
			runOnlyForDeploymentPostprocessing = 0;
		};
		91AC77E621B09325007F753A /* Resources */ = {
			isa = PBXResourcesBuildPhase;
			buildActionMask = 2147483647;
			files = (
			);
			runOnlyForDeploymentPostprocessing = 0;
		};
/* End PBXResourcesBuildPhase section */

/* Begin PBXSourcesBuildPhase section */
		918E081721B03AC100FB90D7 /* Sources */ = {
			isa = PBXSourcesBuildPhase;
			buildActionMask = 2147483647;
			files = (
				917AAB3821B0AFED004C392F /* AppCoordinator.swift in Sources */,
				91AC77F321B09478007F753A /* main.swift in Sources */,
				918E081F21B03AC100FB90D7 /* AppDelegate.swift in Sources */,
				912A14E521B0A93300422DE4 /* UINavigationController+Presenter.swift in Sources */,
			);
			runOnlyForDeploymentPostprocessing = 0;
		};
		91AC77E421B09325007F753A /* Sources */ = {
			isa = PBXSourcesBuildPhase;
			buildActionMask = 2147483647;
			files = (
				912A14F521B0ACD200422DE4 /* UINavigationControllerPresenterTests.swift in Sources */,
				91AC77EB21B09325007F753A /* AppDelegateTests.swift in Sources */,
			);
			runOnlyForDeploymentPostprocessing = 0;
		};
/* End PBXSourcesBuildPhase section */

/* Begin PBXTargetDependency section */
		91AC77EE21B09325007F753A /* PBXTargetDependency */ = {
			isa = PBXTargetDependency;
			target = 918E081A21B03AC100FB90D7 /* App */;
			targetProxy = 91AC77ED21B09325007F753A /* PBXContainerItemProxy */;
		};
/* End PBXTargetDependency section */

/* Begin PBXVariantGroup section */
		918E082721B03AC100FB90D7 /* LaunchScreen.storyboard */ = {
			isa = PBXVariantGroup;
			children = (
				918E082821B03AC100FB90D7 /* Base */,
			);
			name = LaunchScreen.storyboard;
			sourceTree = "<group>";
		};
/* End PBXVariantGroup section */

/* Begin XCBuildConfiguration section */
		918E082B21B03AC100FB90D7 /* Debug */ = {
			isa = XCBuildConfiguration;
			buildSettings = {
				ALWAYS_SEARCH_USER_PATHS = NO;
				CLANG_ANALYZER_NONNULL = YES;
				CLANG_ANALYZER_NUMBER_OBJECT_CONVERSION = YES_AGGRESSIVE;
				CLANG_CXX_LANGUAGE_STANDARD = "gnu++14";
				CLANG_CXX_LIBRARY = "libc++";
				CLANG_ENABLE_MODULES = YES;
				CLANG_ENABLE_OBJC_ARC = YES;
				CLANG_ENABLE_OBJC_WEAK = YES;
				CLANG_WARN_BLOCK_CAPTURE_AUTORELEASING = YES;
				CLANG_WARN_BOOL_CONVERSION = YES;
				CLANG_WARN_COMMA = YES;
				CLANG_WARN_CONSTANT_CONVERSION = YES;
				CLANG_WARN_DEPRECATED_OBJC_IMPLEMENTATIONS = YES;
				CLANG_WARN_DIRECT_OBJC_ISA_USAGE = YES_ERROR;
				CLANG_WARN_DOCUMENTATION_COMMENTS = YES;
				CLANG_WARN_EMPTY_BODY = YES;
				CLANG_WARN_ENUM_CONVERSION = YES;
				CLANG_WARN_INFINITE_RECURSION = YES;
				CLANG_WARN_INT_CONVERSION = YES;
				CLANG_WARN_NON_LITERAL_NULL_CONVERSION = YES;
				CLANG_WARN_OBJC_IMPLICIT_RETAIN_SELF = YES;
				CLANG_WARN_OBJC_LITERAL_CONVERSION = YES;
				CLANG_WARN_OBJC_ROOT_CLASS = YES_ERROR;
				CLANG_WARN_RANGE_LOOP_ANALYSIS = YES;
				CLANG_WARN_STRICT_PROTOTYPES = YES;
				CLANG_WARN_SUSPICIOUS_MOVE = YES;
				CLANG_WARN_UNGUARDED_AVAILABILITY = YES_AGGRESSIVE;
				CLANG_WARN_UNREACHABLE_CODE = YES;
				CLANG_WARN__DUPLICATE_METHOD_MATCH = YES;
				CODE_SIGN_IDENTITY = "iPhone Developer";
				COPY_PHASE_STRIP = NO;
				CURRENT_PROJECT_VERSION = 2;
				DEBUG_INFORMATION_FORMAT = dwarf;
				ENABLE_STRICT_OBJC_MSGSEND = YES;
				ENABLE_TESTABILITY = YES;
				GCC_C_LANGUAGE_STANDARD = gnu11;
				GCC_DYNAMIC_NO_PIC = NO;
				GCC_NO_COMMON_BLOCKS = YES;
				GCC_OPTIMIZATION_LEVEL = 0;
				GCC_PREPROCESSOR_DEFINITIONS = (
					"DEBUG=1",
					"$(inherited)",
				);
				GCC_WARN_64_TO_32_BIT_CONVERSION = YES;
				GCC_WARN_ABOUT_RETURN_TYPE = YES_ERROR;
				GCC_WARN_UNDECLARED_SELECTOR = YES;
				GCC_WARN_UNINITIALIZED_AUTOS = YES_AGGRESSIVE;
				GCC_WARN_UNUSED_FUNCTION = YES;
				GCC_WARN_UNUSED_VARIABLE = YES;
				IPHONEOS_DEPLOYMENT_TARGET = 11.0;
				MTL_ENABLE_DEBUG_INFO = INCLUDE_SOURCE;
				MTL_FAST_MATH = YES;
				ONLY_ACTIVE_ARCH = YES;
				SDKROOT = iphoneos;
				SWIFT_ACTIVE_COMPILATION_CONDITIONS = DEBUG;
				SWIFT_OPTIMIZATION_LEVEL = "-Onone";
				VERSIONING_SYSTEM = "apple-generic";
			};
			name = Debug;
		};
		918E082C21B03AC100FB90D7 /* Release */ = {
			isa = XCBuildConfiguration;
			buildSettings = {
				ALWAYS_SEARCH_USER_PATHS = NO;
				CLANG_ANALYZER_NONNULL = YES;
				CLANG_ANALYZER_NUMBER_OBJECT_CONVERSION = YES_AGGRESSIVE;
				CLANG_CXX_LANGUAGE_STANDARD = "gnu++14";
				CLANG_CXX_LIBRARY = "libc++";
				CLANG_ENABLE_MODULES = YES;
				CLANG_ENABLE_OBJC_ARC = YES;
				CLANG_ENABLE_OBJC_WEAK = YES;
				CLANG_WARN_BLOCK_CAPTURE_AUTORELEASING = YES;
				CLANG_WARN_BOOL_CONVERSION = YES;
				CLANG_WARN_COMMA = YES;
				CLANG_WARN_CONSTANT_CONVERSION = YES;
				CLANG_WARN_DEPRECATED_OBJC_IMPLEMENTATIONS = YES;
				CLANG_WARN_DIRECT_OBJC_ISA_USAGE = YES_ERROR;
				CLANG_WARN_DOCUMENTATION_COMMENTS = YES;
				CLANG_WARN_EMPTY_BODY = YES;
				CLANG_WARN_ENUM_CONVERSION = YES;
				CLANG_WARN_INFINITE_RECURSION = YES;
				CLANG_WARN_INT_CONVERSION = YES;
				CLANG_WARN_NON_LITERAL_NULL_CONVERSION = YES;
				CLANG_WARN_OBJC_IMPLICIT_RETAIN_SELF = YES;
				CLANG_WARN_OBJC_LITERAL_CONVERSION = YES;
				CLANG_WARN_OBJC_ROOT_CLASS = YES_ERROR;
				CLANG_WARN_RANGE_LOOP_ANALYSIS = YES;
				CLANG_WARN_STRICT_PROTOTYPES = YES;
				CLANG_WARN_SUSPICIOUS_MOVE = YES;
				CLANG_WARN_UNGUARDED_AVAILABILITY = YES_AGGRESSIVE;
				CLANG_WARN_UNREACHABLE_CODE = YES;
				CLANG_WARN__DUPLICATE_METHOD_MATCH = YES;
				CODE_SIGN_IDENTITY = "iPhone Developer";
				COPY_PHASE_STRIP = NO;
				CURRENT_PROJECT_VERSION = 2;
				DEBUG_INFORMATION_FORMAT = "dwarf-with-dsym";
				ENABLE_NS_ASSERTIONS = NO;
				ENABLE_STRICT_OBJC_MSGSEND = YES;
				GCC_C_LANGUAGE_STANDARD = gnu11;
				GCC_NO_COMMON_BLOCKS = YES;
				GCC_WARN_64_TO_32_BIT_CONVERSION = YES;
				GCC_WARN_ABOUT_RETURN_TYPE = YES_ERROR;
				GCC_WARN_UNDECLARED_SELECTOR = YES;
				GCC_WARN_UNINITIALIZED_AUTOS = YES_AGGRESSIVE;
				GCC_WARN_UNUSED_FUNCTION = YES;
				GCC_WARN_UNUSED_VARIABLE = YES;
				IPHONEOS_DEPLOYMENT_TARGET = 11.0;
				MTL_ENABLE_DEBUG_INFO = NO;
				MTL_FAST_MATH = YES;
				SDKROOT = iphoneos;
				SWIFT_COMPILATION_MODE = wholemodule;
				SWIFT_OPTIMIZATION_LEVEL = "-O";
				VALIDATE_PRODUCT = YES;
				VERSIONING_SYSTEM = "apple-generic";
			};
			name = Release;
		};
		918E082E21B03AC100FB90D7 /* Debug */ = {
			isa = XCBuildConfiguration;
			buildSettings = {
				ASSETCATALOG_COMPILER_APPICON_NAME = AppIconDebug;
				CODE_SIGN_STYLE = Manual;
				DEVELOPMENT_TEAM = K29GPG8VMU;
				INFOPLIST_FILE = App/Info.plist;
				LD_RUNPATH_SEARCH_PATHS = (
					"$(inherited)",
					"@executable_path/Frameworks",
				);
				PRODUCT_BUNDLE_IDENTIFIER = com.ocelotgraphql.ios.app.debug;
				PRODUCT_NAME = "$(TARGET_NAME)";
				PROVISIONING_PROFILE_SPECIFIER = "match Development com.ocelotgraphql.ios.app.debug";
				SWIFT_VERSION = 4.2;
				TARGETED_DEVICE_FAMILY = "1,2";
			};
			name = Debug;
		};
		918E082F21B03AC100FB90D7 /* Release */ = {
			isa = XCBuildConfiguration;
			buildSettings = {
				ASSETCATALOG_COMPILER_APPICON_NAME = AppIcon;
				CODE_SIGN_IDENTITY = "iPhone Distribution";
				CODE_SIGN_STYLE = Manual;
				DEVELOPMENT_TEAM = K29GPG8VMU;
				INFOPLIST_FILE = App/Info.plist;
				LD_RUNPATH_SEARCH_PATHS = (
					"$(inherited)",
					"@executable_path/Frameworks",
				);
				PRODUCT_BUNDLE_IDENTIFIER = com.ocelotgraphql.ios.app;
				PRODUCT_NAME = "$(TARGET_NAME)";
				PROVISIONING_PROFILE_SPECIFIER = "match AppStore com.ocelotgraphql.ios.app";
				SWIFT_VERSION = 4.2;
				TARGETED_DEVICE_FAMILY = "1,2";
			};
			name = Release;
		};
		91AC77EF21B09325007F753A /* Debug */ = {
			isa = XCBuildConfiguration;
			buildSettings = {
				BUNDLE_LOADER = "$(TEST_HOST)";
				CODE_SIGN_STYLE = Automatic;
				DEVELOPMENT_TEAM = K29GPG8VMU;
				INFOPLIST_FILE = AppTests/Info.plist;
				IPHONEOS_DEPLOYMENT_TARGET = 12.1;
				LD_RUNPATH_SEARCH_PATHS = (
					"$(inherited)",
					"@executable_path/Frameworks",
					"@loader_path/Frameworks",
				);
				PRODUCT_BUNDLE_IDENTIFIER = com.ocelotgraphql.ios.apptests;
				PRODUCT_NAME = "$(TARGET_NAME)";
				SWIFT_VERSION = 4.2;
				TARGETED_DEVICE_FAMILY = "1,2";
				TEST_HOST = "$(BUILT_PRODUCTS_DIR)/App.app/App";
			};
			name = Debug;
		};
		91AC77F021B09325007F753A /* Release */ = {
			isa = XCBuildConfiguration;
			buildSettings = {
				BUNDLE_LOADER = "$(TEST_HOST)";
				CODE_SIGN_STYLE = Automatic;
				DEVELOPMENT_TEAM = K29GPG8VMU;
				INFOPLIST_FILE = AppTests/Info.plist;
				IPHONEOS_DEPLOYMENT_TARGET = 12.1;
				LD_RUNPATH_SEARCH_PATHS = (
					"$(inherited)",
					"@executable_path/Frameworks",
					"@loader_path/Frameworks",
				);
				PRODUCT_BUNDLE_IDENTIFIER = com.ocelotgraphql.ios.apptests;
				PRODUCT_NAME = "$(TARGET_NAME)";
				SWIFT_VERSION = 4.2;
				TARGETED_DEVICE_FAMILY = "1,2";
				TEST_HOST = "$(BUILT_PRODUCTS_DIR)/App.app/App";
			};
			name = Release;
		};
/* End XCBuildConfiguration section */

/* Begin XCConfigurationList section */
		918E081621B03AC100FB90D7 /* Build configuration list for PBXProject "App" */ = {
			isa = XCConfigurationList;
			buildConfigurations = (
				918E082B21B03AC100FB90D7 /* Debug */,
				918E082C21B03AC100FB90D7 /* Release */,
			);
			defaultConfigurationIsVisible = 0;
			defaultConfigurationName = Release;
		};
		918E082D21B03AC100FB90D7 /* Build configuration list for PBXNativeTarget "App" */ = {
			isa = XCConfigurationList;
			buildConfigurations = (
				918E082E21B03AC100FB90D7 /* Debug */,
				918E082F21B03AC100FB90D7 /* Release */,
			);
			defaultConfigurationIsVisible = 0;
			defaultConfigurationName = Release;
		};
		91AC77F121B09325007F753A /* Build configuration list for PBXNativeTarget "AppTests" */ = {
			isa = XCConfigurationList;
			buildConfigurations = (
				91AC77EF21B09325007F753A /* Debug */,
				91AC77F021B09325007F753A /* Release */,
			);
			defaultConfigurationIsVisible = 0;
			defaultConfigurationName = Release;
		};
/* End XCConfigurationList section */
	};
	rootObject = 918E081321B03AC100FB90D7 /* Project object */;
}
