// !$*UTF8*$!
{
	archiveVersion = 1;
	classes = {
	};
	objectVersion = 50;
	objects = {

/* Begin PBXBuildFile section */
		3D40B54921B9213200A9115D /* NetworkSession.swift in Sources */ = {isa = PBXBuildFile; fileRef = 3D40B54821B9213200A9115D /* NetworkSession.swift */; };
		3D40B54B21B9215700A9115D /* URLSession+NetworkSession.swift in Sources */ = {isa = PBXBuildFile; fileRef = 3D40B54A21B9215700A9115D /* URLSession+NetworkSession.swift */; };
		3D40B54C21B9215B00A9115D /* URLSession+NetworkSession.swift in Sources */ = {isa = PBXBuildFile; fileRef = 3D40B54A21B9215700A9115D /* URLSession+NetworkSession.swift */; };
		3D40B54D21B9217900A9115D /* NetworkSession.swift in Sources */ = {isa = PBXBuildFile; fileRef = 3D40B54821B9213200A9115D /* NetworkSession.swift */; };
		3D40B55121B921D600A9115D /* URLSessionNetworkSessionTests.swift in Sources */ = {isa = PBXBuildFile; fileRef = 3D40B54E21B921B500A9115D /* URLSessionNetworkSessionTests.swift */; };
		9196389721B83ED500275D32 /* Common.framework in Frameworks */ = {isa = PBXBuildFile; fileRef = 9196388D21B83ED500275D32 /* Common.framework */; };
		9196389C21B83ED500275D32 /* CommonTests.swift in Sources */ = {isa = PBXBuildFile; fileRef = 9196389B21B83ED500275D32 /* CommonTests.swift */; };
		9196389E21B83ED500275D32 /* Common.h in Headers */ = {isa = PBXBuildFile; fileRef = 9196389021B83ED500275D32 /* Common.h */; settings = {ATTRIBUTES = (Public, ); }; };
/* End PBXBuildFile section */

/* Begin PBXContainerItemProxy section */
		9196389821B83ED500275D32 /* PBXContainerItemProxy */ = {
			isa = PBXContainerItemProxy;
			containerPortal = 9196388421B83ED500275D32 /* Project object */;
			proxyType = 1;
			remoteGlobalIDString = 9196388C21B83ED500275D32;
			remoteInfo = Common;
		};
/* End PBXContainerItemProxy section */

/* Begin PBXFileReference section */
		3D40B54821B9213200A9115D /* NetworkSession.swift */ = {isa = PBXFileReference; indentWidth = 2; lastKnownFileType = sourcecode.swift; path = NetworkSession.swift; sourceTree = "<group>"; tabWidth = 2; usesTabs = 1; };
		3D40B54A21B9215700A9115D /* URLSession+NetworkSession.swift */ = {isa = PBXFileReference; lastKnownFileType = sourcecode.swift; path = "URLSession+NetworkSession.swift"; sourceTree = "<group>"; };
		3D40B54E21B921B500A9115D /* URLSessionNetworkSessionTests.swift */ = {isa = PBXFileReference; lastKnownFileType = sourcecode.swift; path = URLSessionNetworkSessionTests.swift; sourceTree = "<group>"; };
		9196388D21B83ED500275D32 /* Common.framework */ = {isa = PBXFileReference; explicitFileType = wrapper.framework; includeInIndex = 0; path = Common.framework; sourceTree = BUILT_PRODUCTS_DIR; };
		9196389021B83ED500275D32 /* Common.h */ = {isa = PBXFileReference; lastKnownFileType = sourcecode.c.h; path = Common.h; sourceTree = "<group>"; };
		9196389121B83ED500275D32 /* Info.plist */ = {isa = PBXFileReference; lastKnownFileType = text.plist.xml; path = Info.plist; sourceTree = "<group>"; };
		9196389621B83ED500275D32 /* CommonTests.xctest */ = {isa = PBXFileReference; explicitFileType = wrapper.cfbundle; includeInIndex = 0; path = CommonTests.xctest; sourceTree = BUILT_PRODUCTS_DIR; };
		9196389B21B83ED500275D32 /* CommonTests.swift */ = {isa = PBXFileReference; lastKnownFileType = sourcecode.swift; path = CommonTests.swift; sourceTree = "<group>"; };
		9196389D21B83ED500275D32 /* Info.plist */ = {isa = PBXFileReference; lastKnownFileType = text.plist.xml; path = Info.plist; sourceTree = "<group>"; };
/* End PBXFileReference section */

/* Begin PBXFrameworksBuildPhase section */
		9196388A21B83ED500275D32 /* Frameworks */ = {
			isa = PBXFrameworksBuildPhase;
			buildActionMask = 2147483647;
			files = (
			);
			runOnlyForDeploymentPostprocessing = 0;
		};
		9196389321B83ED500275D32 /* Frameworks */ = {
			isa = PBXFrameworksBuildPhase;
			buildActionMask = 2147483647;
			files = (
				9196389721B83ED500275D32 /* Common.framework in Frameworks */,
			);
			runOnlyForDeploymentPostprocessing = 0;
		};
/* End PBXFrameworksBuildPhase section */

/* Begin PBXGroup section */
		3D40B54621B9210100A9115D /* Extensions */ = {
			isa = PBXGroup;
			children = (
				3D40B54A21B9215700A9115D /* URLSession+NetworkSession.swift */,
			);
			path = Extensions;
			sourceTree = "<group>";
		};
		3D40B54721B9211000A9115D /* Types */ = {
			isa = PBXGroup;
			children = (
				3D40B54821B9213200A9115D /* NetworkSession.swift */,
			);
			path = Types;
			sourceTree = "<group>";
		};
		3D40B55221B9257400A9115D /* Types */ = {
			isa = PBXGroup;
			children = (
				3D40B54E21B921B500A9115D /* URLSessionNetworkSessionTests.swift */,
			);
			path = Types;
			sourceTree = "<group>";
		};
		9196388321B83ED500275D32 = {
			isa = PBXGroup;
			children = (
				9196388F21B83ED500275D32 /* Common */,
				9196389A21B83ED500275D32 /* CommonTests */,
				9196388E21B83ED500275D32 /* Products */,
			);
			sourceTree = "<group>";
		};
		9196388E21B83ED500275D32 /* Products */ = {
			isa = PBXGroup;
			children = (
				9196388D21B83ED500275D32 /* Common.framework */,
				9196389621B83ED500275D32 /* CommonTests.xctest */,
			);
			name = Products;
			sourceTree = "<group>";
		};
		9196388F21B83ED500275D32 /* Common */ = {
			isa = PBXGroup;
			children = (
				9196389021B83ED500275D32 /* Common.h */,
				9196389121B83ED500275D32 /* Info.plist */,
				3D40B54721B9211000A9115D /* Types */,
				3D40B54621B9210100A9115D /* Extensions */,
			);
			path = Common;
			sourceTree = "<group>";
		};
		9196389A21B83ED500275D32 /* CommonTests */ = {
			isa = PBXGroup;
			children = (
				9196389B21B83ED500275D32 /* CommonTests.swift */,
				9196389D21B83ED500275D32 /* Info.plist */,
				3D40B55221B9257400A9115D /* Types */,
			);
			path = CommonTests;
			sourceTree = "<group>";
		};
/* End PBXGroup section */

/* Begin PBXHeadersBuildPhase section */
		9196388821B83ED500275D32 /* Headers */ = {
			isa = PBXHeadersBuildPhase;
			buildActionMask = 2147483647;
			files = (
				9196389E21B83ED500275D32 /* Common.h in Headers */,
			);
			runOnlyForDeploymentPostprocessing = 0;
		};
/* End PBXHeadersBuildPhase section */

/* Begin PBXNativeTarget section */
		9196388C21B83ED500275D32 /* Common */ = {
			isa = PBXNativeTarget;
			buildConfigurationList = 919638A121B83ED500275D32 /* Build configuration list for PBXNativeTarget "Common" */;
			buildPhases = (
				9196388821B83ED500275D32 /* Headers */,
				9196388921B83ED500275D32 /* Sources */,
				9196388A21B83ED500275D32 /* Frameworks */,
				9196388B21B83ED500275D32 /* Resources */,
			);
			buildRules = (
			);
			dependencies = (
			);
			name = Common;
			productName = Common;
			productReference = 9196388D21B83ED500275D32 /* Common.framework */;
			productType = "com.apple.product-type.framework";
		};
		9196389521B83ED500275D32 /* CommonTests */ = {
			isa = PBXNativeTarget;
			buildConfigurationList = 919638A421B83ED500275D32 /* Build configuration list for PBXNativeTarget "CommonTests" */;
			buildPhases = (
				9196389221B83ED500275D32 /* Sources */,
				9196389321B83ED500275D32 /* Frameworks */,
				9196389421B83ED500275D32 /* Resources */,
			);
			buildRules = (
			);
			dependencies = (
				9196389921B83ED500275D32 /* PBXTargetDependency */,
			);
			name = CommonTests;
			productName = CommonTests;
			productReference = 9196389621B83ED500275D32 /* CommonTests.xctest */;
			productType = "com.apple.product-type.bundle.unit-test";
		};
/* End PBXNativeTarget section */

/* Begin PBXProject section */
		9196388421B83ED500275D32 /* Project object */ = {
			isa = PBXProject;
			attributes = {
				LastSwiftUpdateCheck = 1010;
				LastUpgradeCheck = 1010;
				ORGANIZATIONNAME = Ocelot;
				TargetAttributes = {
					9196388C21B83ED500275D32 = {
						CreatedOnToolsVersion = 10.1;
						LastSwiftMigration = 1010;
					};
					9196389521B83ED500275D32 = {
						CreatedOnToolsVersion = 10.1;
					};
				};
			};
			buildConfigurationList = 9196388721B83ED500275D32 /* Build configuration list for PBXProject "Common" */;
			compatibilityVersion = "Xcode 9.3";
			developmentRegion = en;
			hasScannedForEncodings = 0;
			knownRegions = (
				en,
			);
			mainGroup = 9196388321B83ED500275D32;
			productRefGroup = 9196388E21B83ED500275D32 /* Products */;
			projectDirPath = "";
			projectRoot = "";
			targets = (
				9196388C21B83ED500275D32 /* Common */,
				9196389521B83ED500275D32 /* CommonTests */,
			);
		};
/* End PBXProject section */

/* Begin PBXResourcesBuildPhase section */
		9196388B21B83ED500275D32 /* Resources */ = {
			isa = PBXResourcesBuildPhase;
			buildActionMask = 2147483647;
			files = (
			);
			runOnlyForDeploymentPostprocessing = 0;
		};
		9196389421B83ED500275D32 /* Resources */ = {
			isa = PBXResourcesBuildPhase;
			buildActionMask = 2147483647;
			files = (
			);
			runOnlyForDeploymentPostprocessing = 0;
		};
/* End PBXResourcesBuildPhase section */

/* Begin PBXSourcesBuildPhase section */
		9196388921B83ED500275D32 /* Sources */ = {
			isa = PBXSourcesBuildPhase;
			buildActionMask = 2147483647;
			files = (
				3D40B54B21B9215700A9115D /* URLSession+NetworkSession.swift in Sources */,
				3D40B54921B9213200A9115D /* NetworkSession.swift in Sources */,
			);
			runOnlyForDeploymentPostprocessing = 0;
		};
		9196389221B83ED500275D32 /* Sources */ = {
			isa = PBXSourcesBuildPhase;
			buildActionMask = 2147483647;
			files = (
				3D40B54D21B9217900A9115D /* NetworkSession.swift in Sources */,
				3D40B54C21B9215B00A9115D /* URLSession+NetworkSession.swift in Sources */,
				3D40B55121B921D600A9115D /* URLSessionNetworkSessionTests.swift in Sources */,
				9196389C21B83ED500275D32 /* CommonTests.swift in Sources */,
			);
			runOnlyForDeploymentPostprocessing = 0;
		};
/* End PBXSourcesBuildPhase section */

/* Begin PBXTargetDependency section */
		9196389921B83ED500275D32 /* PBXTargetDependency */ = {
			isa = PBXTargetDependency;
			target = 9196388C21B83ED500275D32 /* Common */;
			targetProxy = 9196389821B83ED500275D32 /* PBXContainerItemProxy */;
		};
/* End PBXTargetDependency section */

/* Begin XCBuildConfiguration section */
		9196389F21B83ED500275D32 /* Debug */ = {
			isa = XCBuildConfiguration;
			buildSettings = {
				ALWAYS_SEARCH_USER_PATHS = NO;
				CLANG_ANALYZER_NONNULL = YES;
				CLANG_ANALYZER_NUMBER_OBJECT_CONVERSION = YES_AGGRESSIVE;
				CLANG_CXX_LANGUAGE_STANDARD = "gnu++14";
				CLANG_CXX_LIBRARY = "libc++";
				CLANG_ENABLE_MODULES = YES;
				CLANG_ENABLE_OBJC_ARC = YES;
				CLANG_ENABLE_OBJC_WEAK = YES;
				CLANG_WARN_BLOCK_CAPTURE_AUTORELEASING = YES;
				CLANG_WARN_BOOL_CONVERSION = YES;
				CLANG_WARN_COMMA = YES;
				CLANG_WARN_CONSTANT_CONVERSION = YES;
				CLANG_WARN_DEPRECATED_OBJC_IMPLEMENTATIONS = YES;
				CLANG_WARN_DIRECT_OBJC_ISA_USAGE = YES_ERROR;
				CLANG_WARN_DOCUMENTATION_COMMENTS = YES;
				CLANG_WARN_EMPTY_BODY = YES;
				CLANG_WARN_ENUM_CONVERSION = YES;
				CLANG_WARN_INFINITE_RECURSION = YES;
				CLANG_WARN_INT_CONVERSION = YES;
				CLANG_WARN_NON_LITERAL_NULL_CONVERSION = YES;
				CLANG_WARN_OBJC_IMPLICIT_RETAIN_SELF = YES;
				CLANG_WARN_OBJC_LITERAL_CONVERSION = YES;
				CLANG_WARN_OBJC_ROOT_CLASS = YES_ERROR;
				CLANG_WARN_RANGE_LOOP_ANALYSIS = YES;
				CLANG_WARN_STRICT_PROTOTYPES = YES;
				CLANG_WARN_SUSPICIOUS_MOVE = YES;
				CLANG_WARN_UNGUARDED_AVAILABILITY = YES_AGGRESSIVE;
				CLANG_WARN_UNREACHABLE_CODE = YES;
				CLANG_WARN__DUPLICATE_METHOD_MATCH = YES;
				CODE_SIGN_IDENTITY = "iPhone Developer";
				COPY_PHASE_STRIP = NO;
				CURRENT_PROJECT_VERSION = 0.1;
				DEBUG_INFORMATION_FORMAT = dwarf;
				DYLIB_CURRENT_VERSION = 1;
				ENABLE_STRICT_OBJC_MSGSEND = YES;
				ENABLE_TESTABILITY = YES;
				GCC_C_LANGUAGE_STANDARD = gnu11;
				GCC_DYNAMIC_NO_PIC = NO;
				GCC_NO_COMMON_BLOCKS = YES;
				GCC_OPTIMIZATION_LEVEL = 0;
				GCC_PREPROCESSOR_DEFINITIONS = (
					"DEBUG=1",
					"$(inherited)",
				);
				GCC_WARN_64_TO_32_BIT_CONVERSION = YES;
				GCC_WARN_ABOUT_RETURN_TYPE = YES_ERROR;
				GCC_WARN_UNDECLARED_SELECTOR = YES;
				GCC_WARN_UNINITIALIZED_AUTOS = YES_AGGRESSIVE;
				GCC_WARN_UNUSED_FUNCTION = YES;
				GCC_WARN_UNUSED_VARIABLE = YES;
				IPHONEOS_DEPLOYMENT_TARGET = 11.0;
				MTL_ENABLE_DEBUG_INFO = INCLUDE_SOURCE;
				MTL_FAST_MATH = YES;
				ONLY_ACTIVE_ARCH = YES;
				SDKROOT = iphoneos;
				SWIFT_ACTIVE_COMPILATION_CONDITIONS = DEBUG;
				SWIFT_OPTIMIZATION_LEVEL = "-Onone";
				VERSIONING_SYSTEM = "apple-generic";
				VERSION_INFO_PREFIX = "";
			};
			name = Debug;
		};
		919638A021B83ED500275D32 /* Release */ = {
			isa = XCBuildConfiguration;
			buildSettings = {
				ALWAYS_SEARCH_USER_PATHS = NO;
				CLANG_ANALYZER_NONNULL = YES;
				CLANG_ANALYZER_NUMBER_OBJECT_CONVERSION = YES_AGGRESSIVE;
				CLANG_CXX_LANGUAGE_STANDARD = "gnu++14";
				CLANG_CXX_LIBRARY = "libc++";
				CLANG_ENABLE_MODULES = YES;
				CLANG_ENABLE_OBJC_ARC = YES;
				CLANG_ENABLE_OBJC_WEAK = YES;
				CLANG_WARN_BLOCK_CAPTURE_AUTORELEASING = YES;
				CLANG_WARN_BOOL_CONVERSION = YES;
				CLANG_WARN_COMMA = YES;
				CLANG_WARN_CONSTANT_CONVERSION = YES;
				CLANG_WARN_DEPRECATED_OBJC_IMPLEMENTATIONS = YES;
				CLANG_WARN_DIRECT_OBJC_ISA_USAGE = YES_ERROR;
				CLANG_WARN_DOCUMENTATION_COMMENTS = YES;
				CLANG_WARN_EMPTY_BODY = YES;
				CLANG_WARN_ENUM_CONVERSION = YES;
				CLANG_WARN_INFINITE_RECURSION = YES;
				CLANG_WARN_INT_CONVERSION = YES;
				CLANG_WARN_NON_LITERAL_NULL_CONVERSION = YES;
				CLANG_WARN_OBJC_IMPLICIT_RETAIN_SELF = YES;
				CLANG_WARN_OBJC_LITERAL_CONVERSION = YES;
				CLANG_WARN_OBJC_ROOT_CLASS = YES_ERROR;
				CLANG_WARN_RANGE_LOOP_ANALYSIS = YES;
				CLANG_WARN_STRICT_PROTOTYPES = YES;
				CLANG_WARN_SUSPICIOUS_MOVE = YES;
				CLANG_WARN_UNGUARDED_AVAILABILITY = YES_AGGRESSIVE;
				CLANG_WARN_UNREACHABLE_CODE = YES;
				CLANG_WARN__DUPLICATE_METHOD_MATCH = YES;
				CODE_SIGN_IDENTITY = "iPhone Developer";
				COPY_PHASE_STRIP = NO;
				CURRENT_PROJECT_VERSION = 0.1;
				DEBUG_INFORMATION_FORMAT = "dwarf-with-dsym";
				DYLIB_CURRENT_VERSION = 1;
				ENABLE_NS_ASSERTIONS = NO;
				ENABLE_STRICT_OBJC_MSGSEND = YES;
				GCC_C_LANGUAGE_STANDARD = gnu11;
				GCC_NO_COMMON_BLOCKS = YES;
				GCC_WARN_64_TO_32_BIT_CONVERSION = YES;
				GCC_WARN_ABOUT_RETURN_TYPE = YES_ERROR;
				GCC_WARN_UNDECLARED_SELECTOR = YES;
				GCC_WARN_UNINITIALIZED_AUTOS = YES_AGGRESSIVE;
				GCC_WARN_UNUSED_FUNCTION = YES;
				GCC_WARN_UNUSED_VARIABLE = YES;
				IPHONEOS_DEPLOYMENT_TARGET = 11.0;
				MTL_ENABLE_DEBUG_INFO = NO;
				MTL_FAST_MATH = YES;
				SDKROOT = iphoneos;
				SWIFT_COMPILATION_MODE = wholemodule;
				SWIFT_OPTIMIZATION_LEVEL = "-O";
				VALIDATE_PRODUCT = YES;
				VERSIONING_SYSTEM = "apple-generic";
				VERSION_INFO_PREFIX = "";
			};
			name = Release;
		};
		919638A221B83ED500275D32 /* Debug */ = {
			isa = XCBuildConfiguration;
			buildSettings = {
				CLANG_ENABLE_MODULES = YES;
				CODE_SIGN_IDENTITY = "";
				CODE_SIGN_STYLE = Automatic;
				DEFINES_MODULE = YES;
				DEVELOPMENT_TEAM = 5DYK7QPKKR;
				DYLIB_COMPATIBILITY_VERSION = 1;
				DYLIB_INSTALL_NAME_BASE = "@rpath";
				INFOPLIST_FILE = Common/Info.plist;
				INSTALL_PATH = "$(LOCAL_LIBRARY_DIR)/Frameworks";
				LD_RUNPATH_SEARCH_PATHS = (
					"$(inherited)",
					"@executable_path/Frameworks",
					"@loader_path/Frameworks",
				);
				PRODUCT_BUNDLE_IDENTIFIER = com.ocelotgraphql.ios.common;
				PRODUCT_NAME = "$(TARGET_NAME:c99extidentifier)";
				SKIP_INSTALL = YES;
				SWIFT_OPTIMIZATION_LEVEL = "-Onone";
				SWIFT_VERSION = 4.2;
				TARGETED_DEVICE_FAMILY = "1,2";
			};
			name = Debug;
		};
		919638A321B83ED500275D32 /* Release */ = {
			isa = XCBuildConfiguration;
			buildSettings = {
				CLANG_ENABLE_MODULES = YES;
				CODE_SIGN_IDENTITY = "";
				CODE_SIGN_STYLE = Automatic;
				DEFINES_MODULE = YES;
				DEVELOPMENT_TEAM = 5DYK7QPKKR;
				DYLIB_COMPATIBILITY_VERSION = 1;
				DYLIB_INSTALL_NAME_BASE = "@rpath";
				INFOPLIST_FILE = Common/Info.plist;
				INSTALL_PATH = "$(LOCAL_LIBRARY_DIR)/Frameworks";
				LD_RUNPATH_SEARCH_PATHS = (
					"$(inherited)",
					"@executable_path/Frameworks",
					"@loader_path/Frameworks",
				);
				PRODUCT_BUNDLE_IDENTIFIER = com.ocelotgraphql.ios.common;
				PRODUCT_NAME = "$(TARGET_NAME:c99extidentifier)";
				SKIP_INSTALL = YES;
				SWIFT_VERSION = 4.2;
				TARGETED_DEVICE_FAMILY = "1,2";
			};
			name = Release;
		};
		919638A521B83ED500275D32 /* Debug */ = {
			isa = XCBuildConfiguration;
			buildSettings = {
				ALWAYS_EMBED_SWIFT_STANDARD_LIBRARIES = YES;
				CODE_SIGN_STYLE = Automatic;
				DEVELOPMENT_TEAM = 5DYK7QPKKR;
				INFOPLIST_FILE = CommonTests/Info.plist;
				LD_RUNPATH_SEARCH_PATHS = (
					"$(inherited)",
					"@executable_path/Frameworks",
					"@loader_path/Frameworks",
				);
				PRODUCT_BUNDLE_IDENTIFIER = com.ocelotplayground.CommonTests;
				PRODUCT_NAME = "$(TARGET_NAME)";
				SWIFT_VERSION = 4.2;
				TARGETED_DEVICE_FAMILY = "1,2";
			};
			name = Debug;
		};
		919638A621B83ED500275D32 /* Release */ = {
			isa = XCBuildConfiguration;
			buildSettings = {
				ALWAYS_EMBED_SWIFT_STANDARD_LIBRARIES = YES;
				CODE_SIGN_STYLE = Automatic;
				DEVELOPMENT_TEAM = 5DYK7QPKKR;
				INFOPLIST_FILE = CommonTests/Info.plist;
				LD_RUNPATH_SEARCH_PATHS = (
					"$(inherited)",
					"@executable_path/Frameworks",
					"@loader_path/Frameworks",
				);
				PRODUCT_BUNDLE_IDENTIFIER = com.ocelotplayground.CommonTests;
				PRODUCT_NAME = "$(TARGET_NAME)";
				SWIFT_VERSION = 4.2;
				TARGETED_DEVICE_FAMILY = "1,2";
			};
			name = Release;
		};
/* End XCBuildConfiguration section */

/* Begin XCConfigurationList section */
		9196388721B83ED500275D32 /* Build configuration list for PBXProject "Common" */ = {
			isa = XCConfigurationList;
			buildConfigurations = (
				9196389F21B83ED500275D32 /* Debug */,
				919638A021B83ED500275D32 /* Release */,
			);
			defaultConfigurationIsVisible = 0;
			defaultConfigurationName = Release;
		};
		919638A121B83ED500275D32 /* Build configuration list for PBXNativeTarget "Common" */ = {
			isa = XCConfigurationList;
			buildConfigurations = (
				919638A221B83ED500275D32 /* Debug */,
				919638A321B83ED500275D32 /* Release */,
			);
			defaultConfigurationIsVisible = 0;
			defaultConfigurationName = Release;
		};
		919638A421B83ED500275D32 /* Build configuration list for PBXNativeTarget "CommonTests" */ = {
			isa = XCConfigurationList;
			buildConfigurations = (
				919638A521B83ED500275D32 /* Debug */,
				919638A621B83ED500275D32 /* Release */,
			);
			defaultConfigurationIsVisible = 0;
			defaultConfigurationName = Release;
		};
/* End XCConfigurationList section */
	};
	rootObject = 9196388421B83ED500275D32 /* Project object */;
}
